
Microsoft Visual Studio Solution File, Format Version 12.00
# Visual Studio Version 17
VisualStudioVersion = 17.3.32929.385
MinimumVisualStudioVersion = 10.0.40219.1
Project("{9A19103F-16F7-4668-BE54-9A1E7A4F7556}") = "BridgeWebTelegram.Core", "LtMaterialsBot.Core\BridgeWebTelegram.Core.csproj", "{D73EC641-A170-445A-874E-1F3F8EC3A480}"
EndProject
Project("{9A19103F-16F7-4668-BE54-9A1E7A4F7556}") = "BridgeWebTelegram.Web", "TelegramFeedbackBot.Web\BridgeWebTelegram.Web.csproj", "{9DBEC283-63F5-4C6A-805B-ABD94D23453C}"
EndProject
Global
	GlobalSection(SolutionConfigurationPlatforms) = preSolution
		Debug|Any CPU = Debug|Any CPU
		Release|Any CPU = Release|Any CPU
	EndGlobalSection
	GlobalSection(ProjectConfigurationPlatforms) = postSolution
		{D73EC641-A170-445A-874E-1F3F8EC3A480}.Debug|Any CPU.ActiveCfg = Debug|Any CPU
		{D73EC641-A170-445A-874E-1F3F8EC3A480}.Debug|Any CPU.Build.0 = Debug|Any CPU
		{D73EC641-A170-445A-874E-1F3F8EC3A480}.Release|Any CPU.ActiveCfg = Release|Any CPU
		{D73EC641-A170-445A-874E-1F3F8EC3A480}.Release|Any CPU.Build.0 = Release|Any CPU
		{9DBEC283-63F5-4C6A-805B-ABD94D23453C}.Debug|Any CPU.ActiveCfg = Debug|Any CPU
		{9DBEC283-63F5-4C6A-805B-ABD94D23453C}.Debug|Any CPU.Build.0 = Debug|Any CPU
		{9DBEC283-63F5-4C6A-805B-ABD94D23453C}.Release|Any CPU.ActiveCfg = Release|Any CPU
		{9DBEC283-63F5-4C6A-805B-ABD94D23453C}.Release|Any CPU.Build.0 = Release|Any CPU
	EndGlobalSection
	GlobalSection(SolutionProperties) = preSolution
		HideSolutionNode = FALSE
	EndGlobalSection
	GlobalSection(ExtensibilityGlobals) = postSolution
		SolutionGuid = {3AD4A3F1-02F3-4F2B-9610-6B9D57F8F148}
	EndGlobalSection
EndGlobal
